
Microsoft Visual Studio Solution File, Format Version 12.00
# Visual Studio Version 16
VisualStudioVersion = 16.0.31424.327
MinimumVisualStudioVersion = 10.0.40219.1
Project("{FAE04EC0-301F-11D3-BF4B-00C04F79EFBC}") = "Groovy-Llamma.Android", "Groovy-Llamma.Android\Groovy-Llamma.Android.csproj", "{A72281D1-53B6-41C7-88F3-B3F8829DCFD1}"
EndProject
Project("{FAE04EC0-301F-11D3-BF4B-00C04F79EFBC}") = "Groovy-Llamma.iOS", "Groovy-Llamma.iOS\Groovy-Llamma.iOS.csproj", "{F35AB60B-343B-4D20-9A28-F87A2DAE3602}"
EndProject
Project("{FAE04EC0-301F-11D3-BF4B-00C04F79EFBC}") = "Groovy-Llamma", "Groovy-Llamma\Groovy-Llamma.csproj", "{D3A45394-8642-4A61-8E29-BFA2019C3D83}"
EndProject
Global
	GlobalSection(SolutionConfigurationPlatforms) = preSolution
		Debug|Any CPU = Debug|Any CPU
		Debug|iPhone = Debug|iPhone
		Debug|iPhoneSimulator = Debug|iPhoneSimulator
		Release|Any CPU = Release|Any CPU
		Release|iPhone = Release|iPhone
		Release|iPhoneSimulator = Release|iPhoneSimulator
	EndGlobalSection
	GlobalSection(ProjectConfigurationPlatforms) = postSolution
		{A72281D1-53B6-41C7-88F3-B3F8829DCFD1}.Debug|Any CPU.ActiveCfg = Debug|Any CPU
		{A72281D1-53B6-41C7-88F3-B3F8829DCFD1}.Debug|Any CPU.Build.0 = Debug|Any CPU
		{A72281D1-53B6-41C7-88F3-B3F8829DCFD1}.Debug|Any CPU.Deploy.0 = Debug|Any CPU
		{A72281D1-53B6-41C7-88F3-B3F8829DCFD1}.Debug|iPhone.ActiveCfg = Debug|Any CPU
		{A72281D1-53B6-41C7-88F3-B3F8829DCFD1}.Debug|iPhone.Build.0 = Debug|Any CPU
		{A72281D1-53B6-41C7-88F3-B3F8829DCFD1}.Debug|iPhone.Deploy.0 = Debug|Any CPU
		{A72281D1-53B6-41C7-88F3-B3F8829DCFD1}.Debug|iPhoneSimulator.ActiveCfg = Debug|Any CPU
		{A72281D1-53B6-41C7-88F3-B3F8829DCFD1}.Debug|iPhoneSimulator.Build.0 = Debug|Any CPU
		{A72281D1-53B6-41C7-88F3-B3F8829DCFD1}.Debug|iPhoneSimulator.Deploy.0 = Debug|Any CPU
		{A72281D1-53B6-41C7-88F3-B3F8829DCFD1}.Release|Any CPU.ActiveCfg = Release|Any CPU
		{A72281D1-53B6-41C7-88F3-B3F8829DCFD1}.Release|Any CPU.Build.0 = Release|Any CPU
		{A72281D1-53B6-41C7-88F3-B3F8829DCFD1}.Release|Any CPU.Deploy.0 = Release|Any CPU
		{A72281D1-53B6-41C7-88F3-B3F8829DCFD1}.Release|iPhone.ActiveCfg = Release|Any CPU
		{A72281D1-53B6-41C7-88F3-B3F8829DCFD1}.Release|iPhone.Build.0 = Release|Any CPU
		{A72281D1-53B6-41C7-88F3-B3F8829DCFD1}.Release|iPhone.Deploy.0 = Release|Any CPU
		{A72281D1-53B6-41C7-88F3-B3F8829DCFD1}.Release|iPhoneSimulator.ActiveCfg = Release|Any CPU
		{A72281D1-53B6-41C7-88F3-B3F8829DCFD1}.Release|iPhoneSimulator.Build.0 = Release|Any CPU
		{A72281D1-53B6-41C7-88F3-B3F8829DCFD1}.Release|iPhoneSimulator.Deploy.0 = Release|Any CPU
		{F35AB60B-343B-4D20-9A28-F87A2DAE3602}.Debug|Any CPU.ActiveCfg = Debug|iPhone
		{F35AB60B-343B-4D20-9A28-F87A2DAE3602}.Debug|Any CPU.Build.0 = Debug|iPhone
		{F35AB60B-343B-4D20-9A28-F87A2DAE3602}.Debug|Any CPU.Deploy.0 = Debug|iPhone
		{F35AB60B-343B-4D20-9A28-F87A2DAE3602}.Debug|iPhone.ActiveCfg = Debug|iPhone
		{F35AB60B-343B-4D20-9A28-F87A2DAE3602}.Debug|iPhone.Build.0 = Debug|iPhone
		{F35AB60B-343B-4D20-9A28-F87A2DAE3602}.Debug|iPhone.Deploy.0 = Debug|iPhone
		{F35AB60B-343B-4D20-9A28-F87A2DAE3602}.Debug|iPhoneSimulator.ActiveCfg = Debug|iPhoneSimulator
		{F35AB60B-343B-4D20-9A28-F87A2DAE3602}.Debug|iPhoneSimulator.Build.0 = Debug|iPhoneSimulator
		{F35AB60B-343B-4D20-9A28-F87A2DAE3602}.Debug|iPhoneSimulator.Deploy.0 = Debug|iPhoneSimulator
		{F35AB60B-343B-4D20-9A28-F87A2DAE3602}.Release|Any CPU.ActiveCfg = Release|iPhoneSimulator
		{F35AB60B-343B-4D20-9A28-F87A2DAE3602}.Release|Any CPU.Build.0 = Release|iPhoneSimulator
		{F35AB60B-343B-4D20-9A28-F87A2DAE3602}.Release|Any CPU.Deploy.0 = Release|iPhoneSimulator
		{F35AB60B-343B-4D20-9A28-F87A2DAE3602}.Release|iPhone.ActiveCfg = Release|iPhone
		{F35AB60B-343B-4D20-9A28-F87A2DAE3602}.Release|iPhone.Build.0 = Release|iPhone
		{F35AB60B-343B-4D20-9A28-F87A2DAE3602}.Release|iPhone.Deploy.0 = Release|iPhone
		{F35AB60B-343B-4D20-9A28-F87A2DAE3602}.Release|iPhoneSimulator.ActiveCfg = Release|iPhoneSimulator
		{F35AB60B-343B-4D20-9A28-F87A2DAE3602}.Release|iPhoneSimulator.Build.0 = Release|iPhoneSimulator
		{F35AB60B-343B-4D20-9A28-F87A2DAE3602}.Release|iPhoneSimulator.Deploy.0 = Release|iPhoneSimulator
		{D3A45394-8642-4A61-8E29-BFA2019C3D83}.Debug|Any CPU.ActiveCfg = Debug|Any CPU
		{D3A45394-8642-4A61-8E29-BFA2019C3D83}.Debug|Any CPU.Build.0 = Debug|Any CPU
		{D3A45394-8642-4A61-8E29-BFA2019C3D83}.Debug|Any CPU.Deploy.0 = Debug|Any CPU
		{D3A45394-8642-4A61-8E29-BFA2019C3D83}.Debug|iPhone.ActiveCfg = Debug|Any CPU
		{D3A45394-8642-4A61-8E29-BFA2019C3D83}.Debug|iPhone.Build.0 = Debug|Any CPU
		{D3A45394-8642-4A61-8E29-BFA2019C3D83}.Debug|iPhone.Deploy.0 = Debug|Any CPU
		{D3A45394-8642-4A61-8E29-BFA2019C3D83}.Debug|iPhoneSimulator.ActiveCfg = Debug|Any CPU
		{D3A45394-8642-4A61-8E29-BFA2019C3D83}.Debug|iPhoneSimulator.Build.0 = Debug|Any CPU
		{D3A45394-8642-4A61-8E29-BFA2019C3D83}.Debug|iPhoneSimulator.Deploy.0 = Debug|Any CPU
		{D3A45394-8642-4A61-8E29-BFA2019C3D83}.Release|Any CPU.ActiveCfg = Release|Any CPU
		{D3A45394-8642-4A61-8E29-BFA2019C3D83}.Release|Any CPU.Build.0 = Release|Any CPU
		{D3A45394-8642-4A61-8E29-BFA2019C3D83}.Release|Any CPU.Deploy.0 = Release|Any CPU
		{D3A45394-8642-4A61-8E29-BFA2019C3D83}.Release|iPhone.ActiveCfg = Release|Any CPU
		{D3A45394-8642-4A61-8E29-BFA2019C3D83}.Release|iPhone.Build.0 = Release|Any CPU
		{D3A45394-8642-4A61-8E29-BFA2019C3D83}.Release|iPhone.Deploy.0 = Release|Any CPU
		{D3A45394-8642-4A61-8E29-BFA2019C3D83}.Release|iPhoneSimulator.ActiveCfg = Release|Any CPU
		{D3A45394-8642-4A61-8E29-BFA2019C3D83}.Release|iPhoneSimulator.Build.0 = Release|Any CPU
		{D3A45394-8642-4A61-8E29-BFA2019C3D83}.Release|iPhoneSimulator.Deploy.0 = Release|Any CPU
	EndGlobalSection
	GlobalSection(SolutionProperties) = preSolution
		HideSolutionNode = FALSE
	EndGlobalSection
	GlobalSection(ExtensibilityGlobals) = postSolution
		SolutionGuid = {8C329FA1-84DC-4457-9784-F54A9F178561}
	EndGlobalSection
EndGlobal
